{
  "nodes": {
    "agent-skills": {
      "inputs": {
        "blueprint": "blueprint",
        "home-manager": "home-manager",
        "nixpkgs": [
          "nixpkgs"
        ]
      },
      "locked": {
        "lastModified": 1788359763,
        "narHash": "sha256-fSf98BvLBbAPeBiI14hxH0pw0ewb5RGtQxcm0vANkSM=",
        "owner": "Kyure-A",
        "repo": "agent-skills-nix",
        "rev": "260294fa7b7b8083006a959f1b36be77b24912dc",
        "type": "github"
      },
      "original": {
        "owner": "Kyure-A",
        "repo": "agent-skills-nix",
        "type": "github"
      }
    },
    "agentic-awesome-skills": {
      "flake": false,
      "locked": {
        "lastModified": 1788888000,
        "narHash": "sha256-ZjW5RrBHO9KcuVImTG7x6TA9aulRw2iML8ta+nup+1U=",
        "owner": "sickn33",
        "repo": "agentic-awesome-skills",
        "rev": "78acbe3f333315cfdd887c81a11aa1ffe42f8e64",
        "type": "github"
      },
      "original": {
        "owner": "sickn33",
        "repo": "agentic-awesome-skills",
        "rev": "78acbe3f333315cfdd887c81a11aa1ffe42f8e64",
        "type": "github"
      }
    },
    "asd-ste100-skill": {
      "flake": false,
      "locked": {
        "lastModified": 1788499141,
        "narHash": "sha256-A0kgAmoSQGE5RX9I0asVHGeAwd/855FypcDSz+3xF7Y=",
        "owner": "danyuchn",
        "repo": "asd-ste100-skill",
        "rev": "6f7bb361ae9b97a9fcb5f5c57cbac40eacf2d438",
        "type": "github"
      },
      "original": {
        "owner": "danyuchn",
        "repo": "asd-ste100-skill",
        "rev": "6f7bb361ae9b97a9fcb5f5c57cbac40eacf2d438",
        "type": "github"
      }
    },
    "awesome-copilot": {
      "flake": false,
      "locked": {
        "lastModified": 1788840237,
        "narHash": "sha256-E476CEZ6YkYbB2Hfe+jALg6nyBvQRTRuqzsUj5wIQrU=",
        "owner": "github",
        "repo": "awesome-copilot",
        "rev": "f95f1b4c3b153984e3da2744cef395c2355d0a44",
        "type": "github"
      },
      "original": {
        "owner": "github",
        "repo": "awesome-copilot",
        "rev": "f95f1b4c3b153984e3da2744cef395c2355d0a44",
        "type": "github"
      }
    },
    "blueprint": {
      "inputs": {
        "nixpkgs": [
          "agent-skills",
          "nixpkgs"
        ],
        "systems": "systems"
      },
      "locked": {
        "lastModified": 1776249299,
        "narHash": "sha256-Dt9t1TGRmJFc0xVYhttNBD6QsAgHOHCArqGa0AyjrJY=",
        "owner": "numtide",
        "repo": "blueprint",
        "rev": "56131e8628f173d24a27f6d27c0215eff57e40dd",
        "type": "github"
      },
      "original": {
        "owner": "numtide",
        "repo": "blueprint",
        "type": "github"
      }
    },
    "caveman": {
      "flake": false,
      "locked": {
        "lastModified": 1788769183,
        "narHash": "sha256-GuCK3oy0DsMOQq7gHjIY/aeaukJcTvelfg+tp7R7Du4=",
        "owner": "JuliusBrussee",
        "repo": "caveman",
        "rev": "15581d14007fd01fb3f132016741962f34936ca2",
        "type": "github"
      },
      "original": {
        "owner": "JuliusBrussee",
        "repo": "caveman",
        "rev": "15581d14007fd01fb3f132016741962f34936ca2",
        "type": "github"
      }
    },
    "codegraph": {
      "inputs": {
        "nixpkgs": [
          "nixpkgs"
        ]
      },
      "locked": {
        "lastModified": 1782081388,
        "narHash": "sha256-sCyVv+ZU/TO2zqsUqig2OLAW3z4PwrhujbLdFM0q+YQ=",
        "owner": "dzmitry-lahoda-forks",
        "repo": "codegraph",
        "rev": "7277d4fe0e5e3d82a855352125c6fe84b219da76",
        "type": "github"
      },
      "original": {
        "owner": "dzmitry-lahoda-forks",
        "ref": "codex/add-nix-flake",
        "repo": "codegraph",
        "type": "github"
      }
    },
    "crane": {
      "locked": {
        "lastModified": 1776635034,
        "narHash": "sha256-OEOJrT3ZfwbChzODfIH4GzlNTtOFuZFWPtW7jIeR8xU=",
        "owner": "ipetkov",
        "repo": "crane",
        "rev": "dc7496d8ea6e526b1254b55d09b966e94673750f",
        "type": "github"
      },
      "original": {
        "owner": "ipetkov",
        "repo": "crane",
        "type": "github"
      }
    },
    "dba-review": {
      "flake": false,
      "locked": {
        "lastModified": 1778009986,
        "narHash": "sha256-JC0AiclW4ikNX0D3rQMWdxRhc1MdrG7vlZOPz6IcR/E=",
        "owner": "dhdtech",
        "repo": "dba-review",
        "rev": "a43f0a60da6283ef8c8838d32e36d7a50b9ace59",
        "type": "github"
      },
      "original": {
        "owner": "dhdtech",
        "repo": "dba-review",
        "rev": "a43f0a60da6283ef8c8838d32e36d7a50b9ace59",
        "type": "github"
      }
    },
    "fenix": {
      "inputs": {
        "nixpkgs": [
          "mewt",
          "nixpkgs"
        ],
        "rust-analyzer-src": "rust-analyzer-src"
      },
      "locked": {
        "lastModified": 1770708269,
        "narHash": "sha256-OnZW86app7hHJJoB5lC9GNXY5QBBIESJB+sIdwEyld0=",
        "owner": "nix-community",
        "repo": "fenix",
        "rev": "6b5325a017a9a9fe7e6252ccac3680cc7181cd63",
        "type": "github"
      },
      "original": {
        "owner": "nix-community",
        "repo": "fenix",
        "type": "github"
      }
    },
    "home-manager": {
      "inputs": {
        "nixpkgs": [
          "agent-skills",
          "nixpkgs"
        ]
      },
      "locked": {
        "lastModified": 1785531816,
        "narHash": "sha256-vkMnV0JIyw+g/NmcfoajlGaAO+9a0ezia+FZohQJrik=",
        "owner": "nix-community",
        "repo": "home-manager",
        "rev": "bf9ce9fec78f95f374e8dd3b503863a3ec128ebe",
        "type": "github"
      },
      "original": {
        "owner": "nix-community",
        "repo": "home-manager",
        "type": "github"
      }
    },
    "i-have-adhd": {
      "flake": false,
      "locked": {
        "lastModified": 1788295755,
        "narHash": "sha256-SU2E8TA63SDmKZlh23PDxkWKk2t7g0kA+SPs7bNcK1o=",
        "owner": "ayghri",
        "repo": "i-have-adhd",
        "rev": "58494af57962b2d7a996b4d419474380a299af5e",
        "type": "github"
      },
      "original": {
        "owner": "ayghri",
        "repo": "i-have-adhd",
        "rev": "58494af57962b2d7a996b4d419474380a299af5e",
        "type": "github"
      }
    },
    "mewt": {
      "inputs": {
        "crane": "crane",
        "fenix": "fenix",
        "nixpkgs": "nixpkgs",
        "utils": "utils"
      },
      "locked": {
        "lastModified": 1781818948,
        "narHash": "sha256-QdOYy8PIbJ/l7pCNWeIy0NJrPMyqToOFseGcwWN7kbE=",
        "owner": "trailofbits",
        "repo": "mewt",
        "rev": "53b5d0798b5db725fafe6ca282cbf0d886b0162c",
        "type": "github"
      },
      "original": {
        "owner": "trailofbits",
        "ref": "main",
        "repo": "mewt",
        "type": "github"
      }
    },
    "nixpkgs": {
      "locked": {
        "lastModified": 1770617025,
        "narHash": "sha256-1jZvgZoAagZZB6NwGRv2T2ezPy+X6EFDsJm+YSlsvEs=",
        "owner": "nixos",
        "repo": "nixpkgs",
        "rev": "2db38e08fdadcc0ce3232f7279bab59a15b94482",
        "type": "github"
      },
      "original": {
        "owner": "nixos",
        "ref": "nixos-25.11",
        "repo": "nixpkgs",
        "type": "github"
      }
    },
    "nixpkgs-unstable": {
      "locked": {
        "lastModified": 1788752844,
        "narHash": "sha256-VaWGJ6+cIYN2erfSecbRV+4ljI185Ty2wUrXyvQbgOw=",
        "owner": "NixOS",
        "repo": "nixpkgs",
        "rev": "dc5d91f840324650bac8c379428c7037a416959a",
        "type": "github"
      },
      "original": {
        "owner": "NixOS",
        "ref": "nixos-unstable",
        "repo": "nixpkgs",
        "type": "github"
      }
    },
    "nixpkgs_2": {
      "locked": {
        "lastModified": 1788690626,
        "narHash": "sha256-+v4I4LawmRD/mVxO7QIAerRrCkElp3YImzWkkUnvOTg=",
        "owner": "NixOS",
        "repo": "nixpkgs",
        "rev": "c25784012c9982bca5b3e0de87e90bbdac8927d3",
        "type": "github"
      },
      "original": {
        "owner": "NixOS",
        "ref": "nixos-26.05",
        "repo": "nixpkgs",
        "type": "github"
      }
    },
    "nixpkgs_3": {
      "locked": {
        "lastModified": 1788690626,
        "narHash": "sha256-+v4I4LawmRD/mVxO7QIAerRrCkElp3YImzWkkUnvOTg=",
        "owner": "NixOS",
        "repo": "nixpkgs",
        "rev": "c25784012c9982bca5b3e0de87e90bbdac8927d3",
        "type": "github"
      },
      "original": {
        "owner": "NixOS",
        "ref": "nixos-26.05",
        "repo": "nixpkgs",
        "type": "github"
      }
    },
    "pyproject-build-systems": {
      "inputs": {
        "nixpkgs": [
          "trailmark",
          "nixpkgs"
        ],
        "pyproject-nix": [
          "trailmark",
          "pyproject-nix"
        ],
        "uv2nix": [
          "trailmark",
          "uv2nix"
        ]
      },
      "locked": {
        "lastModified": 1788149501,
        "narHash": "sha256-XKJP4KvhawV3pyVfraX3sflz05Rp7KP74gRt6QqKjNE=",
        "owner": "pyproject-nix",
        "repo": "build-system-pkgs",
        "rev": "150839ac67b5a34db56a55e8f6b7099a4e7878ab",
        "type": "github"
      },
      "original": {
        "owner": "pyproject-nix",
        "repo": "build-system-pkgs",
        "type": "github"
      }
    },
    "pyproject-nix": {
      "inputs": {
        "nixpkgs": [
          "trailmark",
          "nixpkgs"
        ]
      },
      "locked": {
        "lastModified": 1788394333,
        "narHash": "sha256-xYOP0Xym1eVGUaHFx+eJEaycFGoiCbst3fZf0xFHP78=",
        "owner": "pyproject-nix",
        "repo": "pyproject.nix",
        "rev": "6a8a7881d75b6f98967e7b8069f4ead331384301",
        "type": "github"
      },
      "original": {
        "owner": "pyproject-nix",
        "repo": "pyproject.nix",
        "type": "github"
      }
    },
    "root": {
      "inputs": {
        "agent-skills": "agent-skills",
        "agentic-awesome-skills": "agentic-awesome-skills",
        "asd-ste100-skill": "asd-ste100-skill",
        "awesome-copilot": "awesome-copilot",
        "caveman": "caveman",
        "codegraph": "codegraph",
        "dba-review": "dba-review",
        "i-have-adhd": "i-have-adhd",
        "mewt": "mewt",
        "nixpkgs": "nixpkgs_2",
        "nixpkgs-unstable": "nixpkgs-unstable",
        "trailmark": "trailmark",
        "trailofbits-skills": "trailofbits-skills",
        "trailofbits-skills-curated": "trailofbits-skills-curated",
        "wshobson-agents": "wshobson-agents"
      }
    },
    "rust-analyzer-src": {
      "flake": false,
      "locked": {
        "lastModified": 1770668050,
        "narHash": "sha256-Q05yaIZtQrBKHpyWaPmyJmDRj0lojnVf8nUFE0vydcY=",
        "owner": "rust-lang",
        "repo": "rust-analyzer",
        "rev": "9efc1f709f3c8134c3acac5d3592a8e4c184a0c6",
        "type": "github"
      },
      "original": {
        "owner": "rust-lang",
        "ref": "nightly",
        "repo": "rust-analyzer",
        "type": "github"
      }
    },
    "systems": {
      "locked": {
        "lastModified": 1681028828,
        "narHash": "sha256-Vy1rq5AaRuLzOxct8nz4T6wlgyUR7zLU309k9mBC768=",
        "owner": "nix-systems",
        "repo": "default",
        "rev": "da67096a3b9bf56a91d16901293e51ba5b49a27e",
        "type": "github"
      },
      "original": {
        "owner": "nix-systems",
        "repo": "default",
        "type": "github"
      }
    },
    "systems_2": {
      "locked": {
        "lastModified": 1681028828,
        "narHash": "sha256-Vy1rq5AaRuLzOxct8nz4T6wlgyUR7zLU309k9mBC768=",
        "owner": "nix-systems",
        "repo": "default",
        "rev": "da67096a3b9bf56a91d16901293e51ba5b49a27e",
        "type": "github"
      },
      "original": {
        "owner": "nix-systems",
        "repo": "default",
        "type": "github"
      }
    },
    "trailmark": {
      "inputs": {
        "nixpkgs": "nixpkgs_3",
        "pyproject-build-systems": "pyproject-build-systems",
        "pyproject-nix": "pyproject-nix",
        "uv2nix": "uv2nix"
      },
      "locked": {
        "lastModified": 1788832184,
        "narHash": "sha256-tH5vt3eRn6EgAbg16hSOtJ/PUimhxQexxv2Mc+DYizo=",
        "owner": "trailofbits",
        "repo": "trailmark",
        "rev": "644b16f8fd901c1799008a28b20b7288ca31be0a",
        "type": "github"
      },
      "original": {
        "owner": "trailofbits",
        "ref": "pull/75/head",
        "repo": "trailmark",
        "type": "github"
      }
    },
    "trailofbits-skills": {
      "flake": false,
      "locked": {
        "lastModified": 1788371049,
        "narHash": "sha256-gkNXbN3CwrQ0tRmD9JTDeb+uPlSkGUpUi8Pan4EAWlw=",
        "owner": "trailofbits",
        "repo": "skills",
        "rev": "d3323cefbcf645678b8dc481de204b02ad3d02dc",
        "type": "github"
      },
      "original": {
        "owner": "trailofbits",
        "repo": "skills",
        "rev": "d3323cefbcf645678b8dc481de204b02ad3d02dc",
        "type": "github"
      }
    },
    "trailofbits-skills-curated": {
      "flake": false,
      "locked": {
        "lastModified": 1784051595,
        "narHash": "sha256-hN1GoMDYvvF6pmypSuI7++Buhrq/vAkbKrZJof15nOo=",
        "owner": "trailofbits",
        "repo": "skills-curated",
        "rev": "6d05be4889017b06fb15069f371afd220daffb62",
        "type": "github"
      },
      "original": {
        "owner": "trailofbits",
        "repo": "skills-curated",
        "rev": "6d05be4889017b06fb15069f371afd220daffb62",
        "type": "github"
      }
    },
    "utils": {
      "inputs": {
        "systems": "systems_2"
      },
      "locked": {
        "lastModified": 1731533236,
        "narHash": "sha256-l0KFg5HjrsfsO/JpG+r7fRrqm12kzFHyUHqHCVpMMbI=",
        "owner": "numtide",
        "repo": "flake-utils",
        "rev": "11707dc2f618dd54ca8739b309ec4fc024de578b",
        "type": "github"
      },
      "original": {
        "owner": "numtide",
        "repo": "flake-utils",
        "type": "github"
      }
    },
    "uv2nix": {
      "inputs": {
        "nixpkgs": [
          "trailmark",
          "nixpkgs"
        ],
        "pyproject-nix": [
          "trailmark",
          "pyproject-nix"
        ]
      },
      "locked": {
        "lastModified": 1788001239,
        "narHash": "sha256-AELmsXPI546MhbC/ZXC7WRUkCz7d4rqKTHUmliIgPpI=",
        "owner": "pyproject-nix",
        "repo": "uv2nix",
        "rev": "7f9c6b613d2e749e54854b1d60ab6a2192db889e",
        "type": "github"
      },
      "original": {
        "owner": "pyproject-nix",
        "repo": "uv2nix",
        "type": "github"
      }
    },
    "wshobson-agents": {
      "flake": false,
      "locked": {
        "lastModified": 1788302183,
        "narHash": "sha256-sL/1lVCj20Z7WItLZEbafGuw8ifsou0bnPKR9Z77KDM=",
        "owner": "wshobson",
        "repo": "agents",
        "rev": "a30778f8c4e6b0a87567941b7cca4f534bf642b6",
        "type": "github"
      },
      "original": {
        "owner": "wshobson",
        "repo": "agents",
        "rev": "a30778f8c4e6b0a87567941b7cca4f534bf642b6",
        "type": "github"
      }
    }
  },
  "root": "root",
  "version": 7
}
